
Microsoft Visual Studio Solution File, Format Version 12.00
# Visual Studio Version 16
VisualStudioVersion = 16.0.32106.194
MinimumVisualStudioVersion = 10.0.40219.1
Project("{FAE04EC0-301F-11D3-BF4B-00C04F79EFBC}") = "Mod the Horror", "Mod the Horror.csproj", "{47188EF1-D254-4047-A331-5D95E24A716F}"
EndProject
Global
	GlobalSection(SolutionConfigurationPlatforms) = preSolution
		Debug|Any CPU = Debug|Any CPU
		Release|Any CPU = Release|Any CPU
	EndGlobalSection
	GlobalSection(ProjectConfigurationPlatforms) = postSolution
		{47188EF1-D254-4047-A331-5D95E24A716F}.Debug|Any CPU.ActiveCfg = Debug|Any CPU
		{47188EF1-D254-4047-A331-5D95E24A716F}.Debug|Any CPU.Build.0 = Debug|Any CPU
		{47188EF1-D254-4047-A331-5D95E24A716F}.Release|Any CPU.ActiveCfg = Release|Any CPU
		{47188EF1-D254-4047-A331-5D95E24A716F}.Release|Any CPU.Build.0 = Release|Any CPU
	EndGlobalSection
	GlobalSection(SolutionProperties) = preSolution
		HideSolutionNode = FALSE
	EndGlobalSection
	GlobalSection(ExtensibilityGlobals) = postSolution
		SolutionGuid = {1D4001DF-C706-4429-9050-0169466DE5ED}
	EndGlobalSection
EndGlobal
